
Microsoft Visual Studio Solution File, Format Version 12.00
# Visual Studio Version 17
VisualStudioVersion = 17.10.34928.147
MinimumVisualStudioVersion = 10.0.40219.1
Project("{FAE04EC0-301F-11D3-BF4B-00C04F79EFBC}") = "DockerComposePotatoDemo", "DockerComposePotatoDemo\DockerComposePotatoDemo.csproj", "{4BBE17A3-ED02-4F25-A7D6-372E67609AE5}"
EndProject
Project("{E53339B2-1760-4266-BCC7-CA923CBCF16C}") = "docker-compose", "docker-compose.dcproj", "{B436FCE4-EC14-4B92-A4AB-D60501027472}"
EndProject
Global
	GlobalSection(SolutionConfigurationPlatforms) = preSolution
		Debug|Any CPU = Debug|Any CPU
		Release|Any CPU = Release|Any CPU
	EndGlobalSection
	GlobalSection(ProjectConfigurationPlatforms) = postSolution
		{4BBE17A3-ED02-4F25-A7D6-372E67609AE5}.Debug|Any CPU.ActiveCfg = Debug|Any CPU
		{4BBE17A3-ED02-4F25-A7D6-372E67609AE5}.Debug|Any CPU.Build.0 = Debug|Any CPU
		{4BBE17A3-ED02-4F25-A7D6-372E67609AE5}.Release|Any CPU.ActiveCfg = Release|Any CPU
		{4BBE17A3-ED02-4F25-A7D6-372E67609AE5}.Release|Any CPU.Build.0 = Release|Any CPU
		{B436FCE4-EC14-4B92-A4AB-D60501027472}.Debug|Any CPU.ActiveCfg = Debug|Any CPU
		{B436FCE4-EC14-4B92-A4AB-D60501027472}.Debug|Any CPU.Build.0 = Debug|Any CPU
		{B436FCE4-EC14-4B92-A4AB-D60501027472}.Release|Any CPU.ActiveCfg = Release|Any CPU
		{B436FCE4-EC14-4B92-A4AB-D60501027472}.Release|Any CPU.Build.0 = Release|Any CPU
	EndGlobalSection
	GlobalSection(SolutionProperties) = preSolution
		HideSolutionNode = FALSE
	EndGlobalSection
	GlobalSection(ExtensibilityGlobals) = postSolution
		SolutionGuid = {14A6A3DA-DBD3-4BD8-9DC1-4A8D6028DC79}
	EndGlobalSection
EndGlobal
